
Microsoft Visual Studio Solution File, Format Version 12.00
Project("{FAE04EC0-301F-11D3-BF4B-00C04F79EFBC}") = "Passkey-POC.api", "Passkey-POC.api\Passkey-POC.api.csproj", "{59DD1E67-6E4E-47E3-8AE4-E00158B163B0}"
EndProject
Global
	GlobalSection(SolutionConfigurationPlatforms) = preSolution
		Debug|Any CPU = Debug|Any CPU
		Release|Any CPU = Release|Any CPU
	EndGlobalSection
	GlobalSection(ProjectConfigurationPlatforms) = postSolution
		{59DD1E67-6E4E-47E3-8AE4-E00158B163B0}.Debug|Any CPU.ActiveCfg = Debug|Any CPU
		{59DD1E67-6E4E-47E3-8AE4-E00158B163B0}.Debug|Any CPU.Build.0 = Debug|Any CPU
		{59DD1E67-6E4E-47E3-8AE4-E00158B163B0}.Release|Any CPU.ActiveCfg = Release|Any CPU
		{59DD1E67-6E4E-47E3-8AE4-E00158B163B0}.Release|Any CPU.Build.0 = Release|Any CPU
	EndGlobalSection
EndGlobal
